
Microsoft Visual Studio Solution File, Format Version 12.00
# Visual Studio 15
VisualStudioVersion = 15.0.27703.2047
MinimumVisualStudioVersion = 10.0.40219.1
Project("{FAE04EC0-301F-11D3-BF4B-00C04F79EFBC}") = "BlackBoard", "BlackBoard\BlackBoard.csproj", "{86C66785-3B37-4918-8797-939854F7497C}"
EndProject
Project("{FAE04EC0-301F-11D3-BF4B-00C04F79EFBC}") = "WorkWithBlackBoard", "WorkWithBlackBoard\WorkWithBlackBoard.csproj", "{37A982C1-A1B5-486F-81C7-F10BC5326392}"
EndProject
Global
	GlobalSection(SolutionConfigurationPlatforms) = preSolution
		Debug|Any CPU = Debug|Any CPU
		Release|Any CPU = Release|Any CPU
	EndGlobalSection
	GlobalSection(ProjectConfigurationPlatforms) = postSolution
		{86C66785-3B37-4918-8797-939854F7497C}.Debug|Any CPU.ActiveCfg = Debug|Any CPU
		{86C66785-3B37-4918-8797-939854F7497C}.Debug|Any CPU.Build.0 = Debug|Any CPU
		{86C66785-3B37-4918-8797-939854F7497C}.Release|Any CPU.ActiveCfg = Release|Any CPU
		{86C66785-3B37-4918-8797-939854F7497C}.Release|Any CPU.Build.0 = Release|Any CPU
		{37A982C1-A1B5-486F-81C7-F10BC5326392}.Debug|Any CPU.ActiveCfg = Debug|Any CPU
		{37A982C1-A1B5-486F-81C7-F10BC5326392}.Debug|Any CPU.Build.0 = Debug|Any CPU
		{37A982C1-A1B5-486F-81C7-F10BC5326392}.Release|Any CPU.ActiveCfg = Release|Any CPU
		{37A982C1-A1B5-486F-81C7-F10BC5326392}.Release|Any CPU.Build.0 = Release|Any CPU
	EndGlobalSection
	GlobalSection(SolutionProperties) = preSolution
		HideSolutionNode = FALSE
	EndGlobalSection
	GlobalSection(ExtensibilityGlobals) = postSolution
		SolutionGuid = {A8A3B74C-7329-47FC-92BC-200616D4216A}
	EndGlobalSection
EndGlobal
