
Microsoft Visual Studio Solution File, Format Version 12.00
# Visual Studio 15
VisualStudioVersion = 15.0.27703.2047
MinimumVisualStudioVersion = 10.0.40219.1
Project("{FAE04EC0-301F-11D3-BF4B-00C04F79EFBC}") = "LogSample", "LogSample\LogSample.csproj", "{7EC7F954-EFDD-4C0A-8B65-A98B28FF47A3}"
EndProject
Global
	GlobalSection(SolutionConfigurationPlatforms) = preSolution
		Debug|Any CPU = Debug|Any CPU
		Release|Any CPU = Release|Any CPU
	EndGlobalSection
	GlobalSection(ProjectConfigurationPlatforms) = postSolution
		{7EC7F954-EFDD-4C0A-8B65-A98B28FF47A3}.Debug|Any CPU.ActiveCfg = Debug|Any CPU
		{7EC7F954-EFDD-4C0A-8B65-A98B28FF47A3}.Debug|Any CPU.Build.0 = Debug|Any CPU
		{7EC7F954-EFDD-4C0A-8B65-A98B28FF47A3}.Release|Any CPU.ActiveCfg = Release|Any CPU
		{7EC7F954-EFDD-4C0A-8B65-A98B28FF47A3}.Release|Any CPU.Build.0 = Release|Any CPU
	EndGlobalSection
	GlobalSection(SolutionProperties) = preSolution
		HideSolutionNode = FALSE
	EndGlobalSection
	GlobalSection(ExtensibilityGlobals) = postSolution
		SolutionGuid = {6C72120C-FF9A-42F8-8A89-7C8C36D3CC70}
	EndGlobalSection
EndGlobal
