
Microsoft Visual Studio Solution File, Format Version 12.00
# Visual Studio 15
VisualStudioVersion = 15.0.27703.2047
MinimumVisualStudioVersion = 10.0.40219.1
Project("{FAE04EC0-301F-11D3-BF4B-00C04F79EFBC}") = "EventDrivenProgramming", "EventDrivenProgramming\EventDrivenProgramming.csproj", "{4225106C-6EA1-4867-A217-9D981B316007}"
EndProject
Project("{FAE04EC0-301F-11D3-BF4B-00C04F79EFBC}") = "WPFCustomEvent", "WPFCustomRoutedEvent\WPFCustomEvent.csproj", "{DFA7BE10-C3F6-49E7-81AB-AF3D04AAC877}"
EndProject
Project("{FAE04EC0-301F-11D3-BF4B-00C04F79EFBC}") = "DelegateDemo", "DelegateDemo\DelegateDemo.csproj", "{8745BBB0-770E-4F7E-A380-CA75AB417DDE}"
EndProject
Global
	GlobalSection(SolutionConfigurationPlatforms) = preSolution
		Debug|Any CPU = Debug|Any CPU
		Release|Any CPU = Release|Any CPU
	EndGlobalSection
	GlobalSection(ProjectConfigurationPlatforms) = postSolution
		{4225106C-6EA1-4867-A217-9D981B316007}.Debug|Any CPU.ActiveCfg = Debug|Any CPU
		{4225106C-6EA1-4867-A217-9D981B316007}.Debug|Any CPU.Build.0 = Debug|Any CPU
		{4225106C-6EA1-4867-A217-9D981B316007}.Release|Any CPU.ActiveCfg = Release|Any CPU
		{4225106C-6EA1-4867-A217-9D981B316007}.Release|Any CPU.Build.0 = Release|Any CPU
		{DFA7BE10-C3F6-49E7-81AB-AF3D04AAC877}.Debug|Any CPU.ActiveCfg = Debug|Any CPU
		{DFA7BE10-C3F6-49E7-81AB-AF3D04AAC877}.Debug|Any CPU.Build.0 = Debug|Any CPU
		{DFA7BE10-C3F6-49E7-81AB-AF3D04AAC877}.Release|Any CPU.ActiveCfg = Release|Any CPU
		{DFA7BE10-C3F6-49E7-81AB-AF3D04AAC877}.Release|Any CPU.Build.0 = Release|Any CPU
		{8745BBB0-770E-4F7E-A380-CA75AB417DDE}.Debug|Any CPU.ActiveCfg = Debug|Any CPU
		{8745BBB0-770E-4F7E-A380-CA75AB417DDE}.Debug|Any CPU.Build.0 = Debug|Any CPU
		{8745BBB0-770E-4F7E-A380-CA75AB417DDE}.Release|Any CPU.ActiveCfg = Release|Any CPU
		{8745BBB0-770E-4F7E-A380-CA75AB417DDE}.Release|Any CPU.Build.0 = Release|Any CPU
	EndGlobalSection
	GlobalSection(SolutionProperties) = preSolution
		HideSolutionNode = FALSE
	EndGlobalSection
	GlobalSection(ExtensibilityGlobals) = postSolution
		SolutionGuid = {BEE7439F-3A47-48C2-9552-D33397ADEF47}
	EndGlobalSection
EndGlobal
