
Microsoft Visual Studio Solution File, Format Version 12.00
# Visual Studio 15
VisualStudioVersion = 15.0.28307.489
MinimumVisualStudioVersion = 10.0.40219.1
Project("{FAE04EC0-301F-11D3-BF4B-00C04F79EFBC}") = "PipeServer", "PipeServer\PipeServer.csproj", "{9C18727B-2265-4B8D-8E51-02B5BC0B80F0}"
EndProject
Project("{FAE04EC0-301F-11D3-BF4B-00C04F79EFBC}") = "PipeClient", "PipeClient\PipeClient.csproj", "{633C3276-DF94-43E5-82C0-9A457CBC6F30}"
EndProject
Global
	GlobalSection(SolutionConfigurationPlatforms) = preSolution
		Debug|Any CPU = Debug|Any CPU
		Release|Any CPU = Release|Any CPU
	EndGlobalSection
	GlobalSection(ProjectConfigurationPlatforms) = postSolution
		{9C18727B-2265-4B8D-8E51-02B5BC0B80F0}.Debug|Any CPU.ActiveCfg = Debug|Any CPU
		{9C18727B-2265-4B8D-8E51-02B5BC0B80F0}.Debug|Any CPU.Build.0 = Debug|Any CPU
		{9C18727B-2265-4B8D-8E51-02B5BC0B80F0}.Release|Any CPU.ActiveCfg = Release|Any CPU
		{9C18727B-2265-4B8D-8E51-02B5BC0B80F0}.Release|Any CPU.Build.0 = Release|Any CPU
		{633C3276-DF94-43E5-82C0-9A457CBC6F30}.Debug|Any CPU.ActiveCfg = Debug|Any CPU
		{633C3276-DF94-43E5-82C0-9A457CBC6F30}.Debug|Any CPU.Build.0 = Debug|Any CPU
		{633C3276-DF94-43E5-82C0-9A457CBC6F30}.Release|Any CPU.ActiveCfg = Release|Any CPU
		{633C3276-DF94-43E5-82C0-9A457CBC6F30}.Release|Any CPU.Build.0 = Release|Any CPU
	EndGlobalSection
	GlobalSection(SolutionProperties) = preSolution
		HideSolutionNode = FALSE
	EndGlobalSection
	GlobalSection(ExtensibilityGlobals) = postSolution
		SolutionGuid = {84520331-1FC8-450D-9A5F-58D8EFB5545C}
	EndGlobalSection
EndGlobal
