
Microsoft Visual Studio Solution File, Format Version 12.00
# Visual Studio 15
VisualStudioVersion = 15.0.28307.489
MinimumVisualStudioVersion = 10.0.40219.1
Project("{FAE04EC0-301F-11D3-BF4B-00C04F79EFBC}") = "DesignPatterns", "DesignPatterns\DesignPatterns.csproj", "{9B6E228E-9B60-4509-9ACE-42AB02696F7D}"
EndProject
Project("{FAE04EC0-301F-11D3-BF4B-00C04F79EFBC}") = "Strategy", "Strategy\Strategy.csproj", "{EA67858E-F38C-4B43-8E41-35F52E875224}"
EndProject
Project("{FAE04EC0-301F-11D3-BF4B-00C04F79EFBC}") = "Adapter", "Adapter\Adapter.csproj", "{C55D81D8-4EC3-4E8D-8C8B-C4BF01174CFF}"
EndProject
Global
	GlobalSection(SolutionConfigurationPlatforms) = preSolution
		Debug|Any CPU = Debug|Any CPU
		Release|Any CPU = Release|Any CPU
	EndGlobalSection
	GlobalSection(ProjectConfigurationPlatforms) = postSolution
		{9B6E228E-9B60-4509-9ACE-42AB02696F7D}.Debug|Any CPU.ActiveCfg = Debug|Any CPU
		{9B6E228E-9B60-4509-9ACE-42AB02696F7D}.Debug|Any CPU.Build.0 = Debug|Any CPU
		{9B6E228E-9B60-4509-9ACE-42AB02696F7D}.Release|Any CPU.ActiveCfg = Release|Any CPU
		{9B6E228E-9B60-4509-9ACE-42AB02696F7D}.Release|Any CPU.Build.0 = Release|Any CPU
		{EA67858E-F38C-4B43-8E41-35F52E875224}.Debug|Any CPU.ActiveCfg = Debug|Any CPU
		{EA67858E-F38C-4B43-8E41-35F52E875224}.Debug|Any CPU.Build.0 = Debug|Any CPU
		{EA67858E-F38C-4B43-8E41-35F52E875224}.Release|Any CPU.ActiveCfg = Release|Any CPU
		{EA67858E-F38C-4B43-8E41-35F52E875224}.Release|Any CPU.Build.0 = Release|Any CPU
		{C55D81D8-4EC3-4E8D-8C8B-C4BF01174CFF}.Debug|Any CPU.ActiveCfg = Debug|Any CPU
		{C55D81D8-4EC3-4E8D-8C8B-C4BF01174CFF}.Debug|Any CPU.Build.0 = Debug|Any CPU
		{C55D81D8-4EC3-4E8D-8C8B-C4BF01174CFF}.Release|Any CPU.ActiveCfg = Release|Any CPU
		{C55D81D8-4EC3-4E8D-8C8B-C4BF01174CFF}.Release|Any CPU.Build.0 = Release|Any CPU
	EndGlobalSection
	GlobalSection(SolutionProperties) = preSolution
		HideSolutionNode = FALSE
	EndGlobalSection
	GlobalSection(ExtensibilityGlobals) = postSolution
		SolutionGuid = {8999E8EE-6F4D-4549-9A04-4D2F29A2AAD6}
	EndGlobalSection
EndGlobal
